// !$*UTF8*$!
{
	archiveVersion = 1;
	classes = {
	};
	objectVersion = 50;
	objects = {

/* Begin PBXBuildFile section */
		18AF85AD266E97390043EC72 /* AppDelegate.swift in Sources */ = {isa = PBXBuildFile; fileRef = 18AF85AC266E97390043EC72 /* AppDelegate.swift */; };
		18AF85AF266E97390043EC72 /* SceneDelegate.swift in Sources */ = {isa = PBXBuildFile; fileRef = 18AF85AE266E97390043EC72 /* SceneDelegate.swift */; };
		18AF85B1266E97390043EC72 /* ViewController.swift in Sources */ = {isa = PBXBuildFile; fileRef = 18AF85B0266E97390043EC72 /* ViewController.swift */; };
		18AF85B4266E97390043EC72 /* Main.storyboard in Resources */ = {isa = PBXBuildFile; fileRef = 18AF85B2266E97390043EC72 /* Main.storyboard */; };
		18AF85B6266E973F0043EC72 /* Assets.xcassets in Resources */ = {isa = PBXBuildFile; fileRef = 18AF85B5266E973F0043EC72 /* Assets.xcassets */; };
		18AF85B9266E973F0043EC72 /* LaunchScreen.storyboard in Resources */ = {isa = PBXBuildFile; fileRef = 18AF85B7266E973F0043EC72 /* LaunchScreen.storyboard */; };
		18AF85C1266EA22A0043EC72 /* ChangeUIimage.swift in Sources */ = {isa = PBXBuildFile; fileRef = 18AF85C0266EA22A0043EC72 /* ChangeUIimage.swift */; };
/* End PBXBuildFile section */

/* Begin PBXFileReference section */
		18AF85A9266E97390043EC72 /* flagAsian.app */ = {isa = PBXFileReference; explicitFileType = wrapper.application; includeInIndex = 0; path = flagAsian.app; sourceTree = BUILT_PRODUCTS_DIR; };
		18AF85AC266E97390043EC72 /* AppDelegate.swift */ = {isa = PBXFileReference; lastKnownFileType = sourcecode.swift; path = AppDelegate.swift; sourceTree = "<group>"; };
		18AF85AE266E97390043EC72 /* SceneDelegate.swift */ = {isa = PBXFileReference; lastKnownFileType = sourcecode.swift; path = SceneDelegate.swift; sourceTree = "<group>"; };
		18AF85B0266E97390043EC72 /* ViewController.swift */ = {isa = PBXFileReference; lastKnownFileType = sourcecode.swift; path = ViewController.swift; sourceTree = "<group>"; };
		18AF85B3266E97390043EC72 /* Base */ = {isa = PBXFileReference; lastKnownFileType = file.storyboard; name = Base; path = Base.lproj/Main.storyboard; sourceTree = "<group>"; };
		18AF85B5266E973F0043EC72 /* Assets.xcassets */ = {isa = PBXFileReference; lastKnownFileType = folder.assetcatalog; path = Assets.xcassets; sourceTree = "<group>"; };
		18AF85B8266E973F0043EC72 /* Base */ = {isa = PBXFileReference; lastKnownFileType = file.storyboard; name = Base; path = Base.lproj/LaunchScreen.storyboard; sourceTree = "<group>"; };
		18AF85BA266E973F0043EC72 /* Info.plist */ = {isa = PBXFileReference; lastKnownFileType = text.plist.xml; path = Info.plist; sourceTree = "<group>"; };
		18AF85C0266EA22A0043EC72 /* ChangeUIimage.swift */ = {isa = PBXFileReference; lastKnownFileType = sourcecode.swift; path = ChangeUIimage.swift; sourceTree = "<group>"; };
/* End PBXFileReference section */

/* Begin PBXFrameworksBuildPhase section */
		18AF85A6266E97390043EC72 /* Frameworks */ = {
			isa = PBXFrameworksBuildPhase;
			buildActionMask = 2147483647;
			files = (
			);
			runOnlyForDeploymentPostprocessing = 0;
		};
/* End PBXFrameworksBuildPhase section */

/* Begin PBXGroup section */
		18AF85A0266E97390043EC72 = {
			isa = PBXGroup;
			children = (
				18AF85AB266E97390043EC72 /* flagAsian */,
				18AF85AA266E97390043EC72 /* Products */,
			);
			sourceTree = "<group>";
		};
		18AF85AA266E97390043EC72 /* Products */ = {
			isa = PBXGroup;
			children = (
				18AF85A9266E97390043EC72 /* flagAsian.app */,
			);
			name = Products;
			sourceTree = "<group>";
		};
		18AF85AB266E97390043EC72 /* flagAsian */ = {
			isa = PBXGroup;
			children = (
				18AF85AC266E97390043EC72 /* AppDelegate.swift */,
				18AF85AE266E97390043EC72 /* SceneDelegate.swift */,
				18AF85B0266E97390043EC72 /* ViewController.swift */,
				18AF85B2266E97390043EC72 /* Main.storyboard */,
				18AF85C0266EA22A0043EC72 /* ChangeUIimage.swift */,
				18AF85B5266E973F0043EC72 /* Assets.xcassets */,
				18AF85B7266E973F0043EC72 /* LaunchScreen.storyboard */,
				18AF85BA266E973F0043EC72 /* Info.plist */,
			);
			path = flagAsian;
			sourceTree = "<group>";
		};
/* End PBXGroup section */

/* Begin PBXNativeTarget section */
		18AF85A8266E97390043EC72 /* flagAsian */ = {
			isa = PBXNativeTarget;
			buildConfigurationList = 18AF85BD266E973F0043EC72 /* Build configuration list for PBXNativeTarget "flagAsian" */;
			buildPhases = (
				18AF85A5266E97390043EC72 /* Sources */,
				18AF85A6266E97390043EC72 /* Frameworks */,
				18AF85A7266E97390043EC72 /* Resources */,
			);
			buildRules = (
			);
			dependencies = (
			);
			name = flagAsian;
			productName = flagAsian;
			productReference = 18AF85A9266E97390043EC72 /* flagAsian.app */;
			productType = "com.apple.product-type.application";
		};
/* End PBXNativeTarget section */

/* Begin PBXProject section */
		18AF85A1266E97390043EC72 /* Project object */ = {
			isa = PBXProject;
			attributes = {
				LastSwiftUpdateCheck = 1250;
				LastUpgradeCheck = 1250;
				TargetAttributes = {
					18AF85A8266E97390043EC72 = {
						CreatedOnToolsVersion = 12.5;
					};
				};
			};
			buildConfigurationList = 18AF85A4266E97390043EC72 /* Build configuration list for PBXProject "flagAsian" */;
			compatibilityVersion = "Xcode 9.3";
			developmentRegion = en;
			hasScannedForEncodings = 0;
			knownRegions = (
				en,
				Base,
			);
			mainGroup = 18AF85A0266E97390043EC72;
			productRefGroup = 18AF85AA266E97390043EC72 /* Products */;
			projectDirPath = "";
			projectRoot = "";
			targets = (
				18AF85A8266E97390043EC72 /* flagAsian */,
			);
		};
/* End PBXProject section */

/* Begin PBXResourcesBuildPhase section */
		18AF85A7266E97390043EC72 /* Resources */ = {
			isa = PBXResourcesBuildPhase;
			buildActionMask = 2147483647;
			files = (
				18AF85B9266E973F0043EC72 /* LaunchScreen.storyboard in Resources */,
				18AF85B6266E973F0043EC72 /* Assets.xcassets in Resources */,
				18AF85B4266E97390043EC72 /* Main.storyboard in Resources */,
			);
			runOnlyForDeploymentPostprocessing = 0;
		};
/* End PBXResourcesBuildPhase section */

/* Begin PBXSourcesBuildPhase section */
		18AF85A5266E97390043EC72 /* Sources */ = {
			isa = PBXSourcesBuildPhase;
			buildActionMask = 2147483647;
			files = (
				18AF85B1266E97390043EC72 /* ViewController.swift in Sources */,
				18AF85C1266EA22A0043EC72 /* ChangeUIimage.swift in Sources */,
				18AF85AD266E97390043EC72 /* AppDelegate.swift in Sources */,
				18AF85AF266E97390043EC72 /* SceneDelegate.swift in Sources */,
			);
			runOnlyForDeploymentPostprocessing = 0;
		};
/* End PBXSourcesBuildPhase section */

/* Begin PBXVariantGroup section */
		18AF85B2266E97390043EC72 /* Main.storyboard */ = {
			isa = PBXVariantGroup;
			children = (
				18AF85B3266E97390043EC72 /* Base */,
			);
			name = Main.storyboard;
			sourceTree = "<group>";
		};
		18AF85B7266E973F0043EC72 /* LaunchScreen.storyboard */ = {
			isa = PBXVariantGroup;
			children = (
				18AF85B8266E973F0043EC72 /* Base */,
			);
			name = LaunchScreen.storyboard;
			sourceTree = "<group>";
		};
/* End PBXVariantGroup section */

/* Begin XCBuildConfiguration section */
		18AF85BB266E973F0043EC72 /* Debug */ = {
			isa = XCBuildConfiguration;
			buildSettings = {
				ALWAYS_SEARCH_USER_PATHS = NO;
				CLANG_ANALYZER_NONNULL = YES;
				CLANG_ANALYZER_NUMBER_OBJECT_CONVERSION = YES_AGGRESSIVE;
				CLANG_CXX_LANGUAGE_STANDARD = "gnu++14";
				CLANG_CXX_LIBRARY = "libc++";
				CLANG_ENABLE_MODULES = YES;
				CLANG_ENABLE_OBJC_ARC = YES;
				CLANG_ENABLE_OBJC_WEAK = YES;
				CLANG_WARN_BLOCK_CAPTURE_AUTORELEASING = YES;
				CLANG_WARN_BOOL_CONVERSION = YES;
				CLANG_WARN_COMMA = YES;
				CLANG_WARN_CONSTANT_CONVERSION = YES;
				CLANG_WARN_DEPRECATED_OBJC_IMPLEMENTATIONS = YES;
				CLANG_WARN_DIRECT_OBJC_ISA_USAGE = YES_ERROR;
				CLANG_WARN_DOCUMENTATION_COMMENTS = YES;
				CLANG_WARN_EMPTY_BODY = YES;
				CLANG_WARN_ENUM_CONVERSION = YES;
				CLANG_WARN_INFINITE_RECURSION = YES;
				CLANG_WARN_INT_CONVERSION = YES;
				CLANG_WARN_NON_LITERAL_NULL_CONVERSION = YES;
				CLANG_WARN_OBJC_IMPLICIT_RETAIN_SELF = YES;
				CLANG_WARN_OBJC_LITERAL_CONVERSION = YES;
				CLANG_WARN_OBJC_ROOT_CLASS = YES_ERROR;
				CLANG_WARN_QUOTED_INCLUDE_IN_FRAMEWORK_HEADER = YES;
				CLANG_WARN_RANGE_LOOP_ANALYSIS = YES;
				CLANG_WARN_STRICT_PROTOTYPES = YES;
				CLANG_WARN_SUSPICIOUS_MOVE = YES;
				CLANG_WARN_UNGUARDED_AVAILABILITY = YES_AGGRESSIVE;
				CLANG_WARN_UNREACHABLE_CODE = YES;
				CLANG_WARN__DUPLICATE_METHOD_MATCH = YES;
				COPY_PHASE_STRIP = NO;
				DEBUG_INFORMATION_FORMAT = dwarf;
				ENABLE_STRICT_OBJC_MSGSEND = YES;
				ENABLE_TESTABILITY = YES;
				GCC_C_LANGUAGE_STANDARD = gnu11;
				GCC_DYNAMIC_NO_PIC = NO;
				GCC_NO_COMMON_BLOCKS = YES;
				GCC_OPTIMIZATION_LEVEL = 0;
				GCC_PREPROCESSOR_DEFINITIONS = (
					"DEBUG=1",
					"$(inherited)",
				);
				GCC_WARN_64_TO_32_BIT_CONVERSION = YES;
				GCC_WARN_ABOUT_RETURN_TYPE = YES_ERROR;
				GCC_WARN_UNDECLARED_SELECTOR = YES;
				GCC_WARN_UNINITIALIZED_AUTOS = YES_AGGRESSIVE;
				GCC_WARN_UNUSED_FUNCTION = YES;
				GCC_WARN_UNUSED_VARIABLE = YES;
				IPHONEOS_DEPLOYMENT_TARGET = 14.5;
				MTL_ENABLE_DEBUG_INFO = INCLUDE_SOURCE;
				MTL_FAST_MATH = YES;
				ONLY_ACTIVE_ARCH = YES;
				SDKROOT = iphoneos;
				SWIFT_ACTIVE_COMPILATION_CONDITIONS = DEBUG;
				SWIFT_OPTIMIZATION_LEVEL = "-Onone";
			};
			name = Debug;
		};
		18AF85BC266E973F0043EC72 /* Release */ = {
			isa = XCBuildConfiguration;
			buildSettings = {
				ALWAYS_SEARCH_USER_PATHS = NO;
				CLANG_ANALYZER_NONNULL = YES;
				CLANG_ANALYZER_NUMBER_OBJECT_CONVERSION = YES_AGGRESSIVE;
				CLANG_CXX_LANGUAGE_STANDARD = "gnu++14";
				CLANG_CXX_LIBRARY = "libc++";
				CLANG_ENABLE_MODULES = YES;
				CLANG_ENABLE_OBJC_ARC = YES;
				CLANG_ENABLE_OBJC_WEAK = YES;
				CLANG_WARN_BLOCK_CAPTURE_AUTORELEASING = YES;
				CLANG_WARN_BOOL_CONVERSION = YES;
				CLANG_WARN_COMMA = YES;
				CLANG_WARN_CONSTANT_CONVERSION = YES;
				CLANG_WARN_DEPRECATED_OBJC_IMPLEMENTATIONS = YES;
				CLANG_WARN_DIRECT_OBJC_ISA_USAGE = YES_ERROR;
				CLANG_WARN_DOCUMENTATION_COMMENTS = YES;
				CLANG_WARN_EMPTY_BODY = YES;
				CLANG_WARN_ENUM_CONVERSION = YES;
				CLANG_WARN_INFINITE_RECURSION = YES;
				CLANG_WARN_INT_CONVERSION = YES;
				CLANG_WARN_NON_LITERAL_NULL_CONVERSION = YES;
				CLANG_WARN_OBJC_IMPLICIT_RETAIN_SELF = YES;
				CLANG_WARN_OBJC_LITERAL_CONVERSION = YES;
				CLANG_WARN_OBJC_ROOT_CLASS = YES_ERROR;
				CLANG_WARN_QUOTED_INCLUDE_IN_FRAMEWORK_HEADER = YES;
				CLANG_WARN_RANGE_LOOP_ANALYSIS = YES;
				CLANG_WARN_STRICT_PROTOTYPES = YES;
				CLANG_WARN_SUSPICIOUS_MOVE = YES;
				CLANG_WARN_UNGUARDED_AVAILABILITY = YES_AGGRESSIVE;
				CLANG_WARN_UNREACHABLE_CODE = YES;
				CLANG_WARN__DUPLICATE_METHOD_MATCH = YES;
				COPY_PHASE_STRIP = NO;
				DEBUG_INFORMATION_FORMAT = "dwarf-with-dsym";
				ENABLE_NS_ASSERTIONS = NO;
				ENABLE_STRICT_OBJC_MSGSEND = YES;
				GCC_C_LANGUAGE_STANDARD = gnu11;
				GCC_NO_COMMON_BLOCKS = YES;
				GCC_WARN_64_TO_32_BIT_CONVERSION = YES;
				GCC_WARN_ABOUT_RETURN_TYPE = YES_ERROR;
				GCC_WARN_UNDECLARED_SELECTOR = YES;
				GCC_WARN_UNINITIALIZED_AUTOS = YES_AGGRESSIVE;
				GCC_WARN_UNUSED_FUNCTION = YES;
				GCC_WARN_UNUSED_VARIABLE = YES;
				IPHONEOS_DEPLOYMENT_TARGET = 14.5;
				MTL_ENABLE_DEBUG_INFO = NO;
				MTL_FAST_MATH = YES;
				SDKROOT = iphoneos;
				SWIFT_COMPILATION_MODE = wholemodule;
				SWIFT_OPTIMIZATION_LEVEL = "-O";
				VALIDATE_PRODUCT = YES;
			};
			name = Release;
		};
		18AF85BE266E973F0043EC72 /* Debug */ = {
			isa = XCBuildConfiguration;
			buildSettings = {
				ASSETCATALOG_COMPILER_APPICON_NAME = AppIcon;
				ASSETCATALOG_COMPILER_GLOBAL_ACCENT_COLOR_NAME = AccentColor;
				CODE_SIGN_STYLE = Automatic;
				INFOPLIST_FILE = flagAsian/Info.plist;
				LD_RUNPATH_SEARCH_PATHS = (
					"$(inherited)",
					"@executable_path/Frameworks",
				);
				PRODUCT_BUNDLE_IDENTIFIER = DucPhan.flagAsian;
				PRODUCT_NAME = "$(TARGET_NAME)";
				SWIFT_VERSION = 5.0;
				TARGETED_DEVICE_FAMILY = "1,2";
			};
			name = Debug;
		};
		18AF85BF266E973F0043EC72 /* Release */ = {
			isa = XCBuildConfiguration;
			buildSettings = {
				ASSETCATALOG_COMPILER_APPICON_NAME = AppIcon;
				ASSETCATALOG_COMPILER_GLOBAL_ACCENT_COLOR_NAME = AccentColor;
				CODE_SIGN_STYLE = Automatic;
				INFOPLIST_FILE = flagAsian/Info.plist;
				LD_RUNPATH_SEARCH_PATHS = (
					"$(inherited)",
					"@executable_path/Frameworks",
				);
				PRODUCT_BUNDLE_IDENTIFIER = DucPhan.flagAsian;
				PRODUCT_NAME = "$(TARGET_NAME)";
				SWIFT_VERSION = 5.0;
				TARGETED_DEVICE_FAMILY = "1,2";
			};
			name = Release;
		};
/* End XCBuildConfiguration section */

/* Begin XCConfigurationList section */
		18AF85A4266E97390043EC72 /* Build configuration list for PBXProject "flagAsian" */ = {
			isa = XCConfigurationList;
			buildConfigurations = (
				18AF85BB266E973F0043EC72 /* Debug */,
				18AF85BC266E973F0043EC72 /* Release */,
			);
			defaultConfigurationIsVisible = 0;
			defaultConfigurationName = Release;
		};
		18AF85BD266E973F0043EC72 /* Build configuration list for PBXNativeTarget "flagAsian" */ = {
			isa = XCConfigurationList;
			buildConfigurations = (
				18AF85BE266E973F0043EC72 /* Debug */,
				18AF85BF266E973F0043EC72 /* Release */,
			);
			defaultConfigurationIsVisible = 0;
			defaultConfigurationName = Release;
		};
/* End XCConfigurationList section */
	};
	rootObject = 18AF85A1266E97390043EC72 /* Project object */;
}
